
Microsoft Visual Studio Solution File, Format Version 12.00
# Visual Studio Version 17
VisualStudioVersion = 17.14.36705.20 d17.14
MinimumVisualStudioVersion = 10.0.40219.1
Project("{FAE04EC0-301F-11D3-BF4B-00C04F79EFBC}") = "TaglineAIWeb", "TaglineAIWeb.csproj", "{7EDF139A-536D-4852-B937-F86746D6819B}"
EndProject
Global
	GlobalSection(SolutionConfigurationPlatforms) = preSolution
		Debug|Any CPU = Debug|Any CPU
		Release|Any CPU = Release|Any CPU
	EndGlobalSection
	GlobalSection(ProjectConfigurationPlatforms) = postSolution
		{7EDF139A-536D-4852-B937-F86746D6819B}.Debug|Any CPU.ActiveCfg = Debug|Any CPU
		{7EDF139A-536D-4852-B937-F86746D6819B}.Debug|Any CPU.Build.0 = Debug|Any CPU
		{7EDF139A-536D-4852-B937-F86746D6819B}.Release|Any CPU.ActiveCfg = Release|Any CPU
		{7EDF139A-536D-4852-B937-F86746D6819B}.Release|Any CPU.Build.0 = Release|Any CPU
	EndGlobalSection
	GlobalSection(SolutionProperties) = preSolution
		HideSolutionNode = FALSE
	EndGlobalSection
	GlobalSection(ExtensibilityGlobals) = postSolution
		SolutionGuid = {5F724C5C-2D1E-4D4D-8F49-79086F1E7022}
	EndGlobalSection
EndGlobal
